<?xml version="1.0" encoding="utf-8"?>
<Project ToolsVersion="4.0" xmlns="http://schemas.microsoft.com/developer/msbuild/2003">
  <ItemGroup>
    <Filter Include="源文件">
      <UniqueIdentifier>{4FC737F1-C7A5-4376-A066-2A32D752A2FF}</UniqueIdentifier>
      <Extensions>cpp;c;cc;cxx;c++;cppm;ixx;def;odl;idl;hpj;bat;asm;asmx</Extensions>
    </Filter>
    <Filter Include="头文件">
      <UniqueIdentifier>{93995380-89BD-4b04-88EB-625FBE52EBFB}</UniqueIdentifier>
      <Extensions>h;hh;hpp;hxx;h++;hm;inl;inc;ipp;xsd</Extensions>
    </Filter>
    <Filter Include="资源文件">
      <UniqueIdentifier>{67DA6AB6-F800-4c08-8B7A-83BB121AAD01}</UniqueIdentifier>
      <Extensions>rc;ico;cur;bmp;dlg;rc2;rct;bin;rgs;gif;jpg;jpeg;jpe;resx;tiff;tif;png;wav;mfcribbon-ms</Extensions>
    </Filter>
  </ItemGroup>
  <ItemGroup>
    <ClCompile Include="ZHEngine.cpp">
      <Filter>源文件</Filter>
    </ClCompile>
    <ClCompile Include="GameRHI\GameRHI.cpp">
      <Filter>源文件</Filter>
    </ClCompile>
    <ClCompile Include="GameRHI\GameWindowApplication.cpp">
      <Filter>源文件</Filter>
    </ClCompile>
    <ClCompile Include="Example\HelloGame.cpp">
      <Filter>源文件</Filter>
    </ClCompile>
    <ClCompile Include="GameRHI\Camera.cpp">
      <Filter>源文件</Filter>
    </ClCompile>
    <ClCompile Include="Mesh\OBJ.cpp">
      <Filter>源文件</Filter>
    </ClCompile>
    <ClCompile Include="TestMain.cpp">
      <Filter>源文件</Filter>
    </ClCompile>
    <ClCompile Include="Mesh\StaticMesh.cpp">
      <Filter>源文件</Filter>
    </ClCompile>
    <ClCompile Include="Texture\Texture.cpp">
      <Filter>源文件</Filter>
    </ClCompile>
    <ClCompile Include="Rendering\Shader.cpp">
      <Filter>源文件</Filter>
    </ClCompile>
    <ClCompile Include="Rendering\RenderActor.cpp">
      <Filter>源文件</Filter>
    </ClCompile>
    <ClCompile Include="Common\DDSTextureLoader.cpp">
      <Filter>源文件</Filter>
    </ClCompile>
    <ClCompile Include="Rendering\FrameResource.cpp">
      <Filter>源文件</Filter>
    </ClCompile>
    <ClCompile Include="Rendering\Material.cpp">
      <Filter>源文件</Filter>
    </ClCompile>
    <ClCompile Include="Example\ToonShading.cpp">
      <Filter>源文件</Filter>
    </ClCompile>
  </ItemGroup>
  <ItemGroup>
    <ClInclude Include="Common\d3dx12.h">
      <Filter>头文件</Filter>
    </ClInclude>
    <ClInclude Include="Common\TypeName.h">
      <Filter>头文件</Filter>
    </ClInclude>
    <ClInclude Include="GameRHI\GameRHI.h">
      <Filter>头文件</Filter>
    </ClInclude>
    <ClInclude Include="Common\CommonCore.h">
      <Filter>头文件</Filter>
    </ClInclude>
    <ClInclude Include="GameHelper\GameHelper.h">
      <Filter>头文件</Filter>
    </ClInclude>
    <ClInclude Include="GameRHI\GameWindowApplication.h">
      <Filter>头文件</Filter>
    </ClInclude>
    <ClInclude Include="Example\HelloGame.h">
      <Filter>头文件</Filter>
    </ClInclude>
    <ClInclude Include="Common\ZHEngineMath.h">
      <Filter>头文件</Filter>
    </ClInclude>
    <ClInclude Include="GameRHI\Camera.h">
      <Filter>头文件</Filter>
    </ClInclude>
    <ClInclude Include="Mesh\MeshBaseData.h">
      <Filter>源文件</Filter>
    </ClInclude>
    <ClInclude Include="Mesh\OBJ.h">
      <Filter>头文件</Filter>
    </ClInclude>
    <ClInclude Include="Mesh\Light.h">
      <Filter>头文件</Filter>
    </ClInclude>
    <ClInclude Include="Mesh\AssetLoad.h">
      <Filter>头文件</Filter>
    </ClInclude>
    <ClInclude Include="Mesh\StaticMesh.h">
      <Filter>头文件</Filter>
    </ClInclude>
    <ClInclude Include="Texture\Texture.h">
      <Filter>头文件</Filter>
    </ClInclude>
    <ClInclude Include="Common\ZHEngineTimer.h">
      <Filter>头文件</Filter>
    </ClInclude>
    <ClInclude Include="Rendering\Shader.h">
      <Filter>头文件</Filter>
    </ClInclude>
    <ClInclude Include="Rendering\RenderActor.h">
      <Filter>头文件</Filter>
    </ClInclude>
    <ClInclude Include="Common\DDSTextureLoader.h">
      <Filter>头文件</Filter>
    </ClInclude>
    <ClInclude Include="Rendering\FrameResource.h">
      <Filter>头文件</Filter>
    </ClInclude>
    <ClInclude Include="Rendering\Material.h">
      <Filter>头文件</Filter>
    </ClInclude>
    <ClInclude Include="Example\ToonShading.h">
      <Filter>头文件</Filter>
    </ClInclude>
  </ItemGroup>
</Project>